
Microsoft Visual Studio Solution File, Format Version 12.00
# Visual Studio Version 17
VisualStudioVersion = 17.3.32819.101
MinimumVisualStudioVersion = 10.0.40219.1
Project("{FAE04EC0-301F-11D3-BF4B-00C04F79EFBC}") = "Variables", "Variables\Variables.csproj", "{1DCEB40F-2BAA-44F3-9F35-E2BF02FA822B}"
EndProject
Global
	GlobalSection(SolutionConfigurationPlatforms) = preSolution
		Debug|Any CPU = Debug|Any CPU
		Release|Any CPU = Release|Any CPU
	EndGlobalSection
	GlobalSection(ProjectConfigurationPlatforms) = postSolution
		{1DCEB40F-2BAA-44F3-9F35-E2BF02FA822B}.Debug|Any CPU.ActiveCfg = Debug|Any CPU
		{1DCEB40F-2BAA-44F3-9F35-E2BF02FA822B}.Debug|Any CPU.Build.0 = Debug|Any CPU
		{1DCEB40F-2BAA-44F3-9F35-E2BF02FA822B}.Release|Any CPU.ActiveCfg = Release|Any CPU
		{1DCEB40F-2BAA-44F3-9F35-E2BF02FA822B}.Release|Any CPU.Build.0 = Release|Any CPU
	EndGlobalSection
	GlobalSection(SolutionProperties) = preSolution
		HideSolutionNode = FALSE
	EndGlobalSection
	GlobalSection(ExtensibilityGlobals) = postSolution
		SolutionGuid = {F8AEE518-808E-428F-8A7B-58F4054849CD}
	EndGlobalSection
EndGlobal
